{
  "requires": true,
  "lockfileVersion": 1,
  "dependencies": {
    "jquery": {
      "version": "3.3.1",
      "resolved": "https://registry.npmjs.org/jquery/-/jquery-3.3.1.tgz",
      "integrity": "sha512-Ubldcmxp5np52/ENotGxlLe6aGMvmF4R8S6tZjsP6Knsaxd/xp3Zrh50cG93lR6nPXyUFwzN3ZSOQI0wRJNdGg=="
    },
    "semantic-ui-less": {
      "version": "2.3.1",
      "resolved": "https://registry.npmjs.org/semantic-ui-less/-/semantic-ui-less-2.3.1.tgz",
      "integrity": "sha512-2URCRyLxGxcmDy/7L+rywbs5LuHxhvD5m+IBxduZycsr5On8nAp/Bx4Am/pmaFpcIzuF1SaEGAup3h8w7cyp3Q==",
      "requires": {
        "jquery": "3.3.1"
      }
    }
  }
}
